# THIS IS AN AUTOGENERATED FILE. DO NOT EDIT THIS FILE DIRECTLY.
# yarn lockfile v1


"@types/node@^10.12.18":
  version "10.12.18"
  resolved "https://nexus.global.picnicinternational.com/repository/npm-public/@types/node/-/node-10.12.18.tgz#1d3ca764718915584fcd9f6344621b7672665c67"
  integrity sha512-fh+pAqt4xRzPfqA6eh3Z2y6fyZavRIumvjhaCL753+TVkGKGhpPeyrJG2JftD0T9q4GF00KjefsQ+PQNDdWQaQ==

commander@^2.19.0:
  version "2.19.0"
  resolved "https://nexus.global.picnicinternational.com/repository/npm-public/commander/-/commander-2.19.0.tgz#f6198aa84e5b83c46054b94ddedbfed5ee9ff12a"
  integrity sha512-6tvAOO+D6OENvRAh524Dh9jcfKTYDQAqvqezbCW82xj5X0pSrcpxtvRKHLG0yBY6SD7PSDrJaj+0AiOcKVd1Xg==

debrief@^1.2.2:
  version "1.2.4"
  resolved "https://nexus.global.picnicinternational.com/repository/npm-public/debrief/-/debrief-1.2.4.tgz#d4d33aaaf7a250906a97b2acc5201e33b6390651"
  integrity sha512-BPSSNAKid1xWAtaB5IciG5HqVeZz7EYde4BQnDt5qQ5ZABSjAkgQ7FV90bBsUdCLzTVlA446q1MHblht92Bbpw==

decoders@^1.10.6:
  version "1.10.6"
  resolved "https://nexus.global.picnicinternational.com/repository/npm-public/decoders/-/decoders-1.10.6.tgz#5e2bf80378ffad9f3fb37613f352615c04afe094"
  integrity sha512-WvtSVy7UVUHHmWbd6xNS8F30nlXme6d4Ha8rdSXm5lNIfXJ1PJhmdq2M6RPmudtAG6I8SgGMawPL+DxURf5PzQ==
  dependencies:
    debrief "^1.2.2"
    lemons "^1.3.1"

lemons@^1.3.1:
  version "1.3.1"
  resolved "https://nexus.global.picnicinternational.com/repository/npm-public/lemons/-/lemons-1.3.1.tgz#c1415d05f6ab5321418d3f472819e4ba1ffcfb29"
  integrity sha512-y33wVNr5+4lZV0cen9JJgrqxXfCmjvVrfOqmy07boz07EN8qy371k6thpkHaLjvlruDNkvOfyIoDNN32xS1PHw==

typescript@^3.2.2:
  version "3.2.2"
  resolved "https://nexus.global.picnicinternational.com/repository/npm-public/typescript/-/typescript-3.2.2.tgz#fe8101c46aa123f8353523ebdcf5730c2ae493e5"
  integrity sha512-VCj5UiSyHBjwfYacmDuc/NOk4QQixbE+Wn7MFJuS0nRuPQbof132Pw4u53dm264O8LPc2MVsc7RJNml5szurkg==
