# THIS IS AN AUTOGENERATED FILE. DO NOT EDIT THIS FILE DIRECTLY.
# yarn lockfile v1


"@types/node@^10.12.18":
  version "10.17.28"
  resolved "https://registry.yarnpkg.com/@types/node/-/node-10.17.28.tgz#0e36d718a29355ee51cec83b42d921299200f6d9"
  integrity sha512-dzjES1Egb4c1a89C7lKwQh8pwjYmlOAG9dW1pBgxEk57tMrLnssOfEthz8kdkNaBd7lIqQx7APm5+mZ619IiCQ==

commander@^2.19.0:
  version "2.20.3"
  resolved "https://registry.yarnpkg.com/commander/-/commander-2.20.3.tgz#fd485e84c03eb4881c20722ba48035e8531aeb33"
  integrity sha512-GpVkmM8vF2vQUkj2LvZmD35JxeJOLCwJ9cUkugyk2nuhbv3+mJvpLYYt+0+USMxE+oj+ey/lJEnhZw75x/OMcQ==

debrief@^1.4.0:
  version "1.4.2"
  resolved "https://registry.yarnpkg.com/debrief/-/debrief-1.4.2.tgz#cc86c82e1697df55f3659743a3cb72423e0cf29e"
  integrity sha512-C5yVhTCAB60BxJFLXCh34GYx6WcA+5aWM8Mm6S4dr78mWoedh2HEvwF7rcxArW7x+tiHdstU1myQCW9mQ1KlcA==

decoders@^1.10.6:
  version "1.22.2"
  resolved "https://registry.yarnpkg.com/decoders/-/decoders-1.22.2.tgz#f68d3f554b0bd1d2548b337c1ce8798a07bc7797"
  integrity sha512-zuEIXvJ5Kk0G7PV0gW4i23ElqhSMXo4D0G0Qm2gnNJnrSJn1lU7zykDHJqgEeTyFmXAXnAXqWe7wc9N8rK+d4w==
  dependencies:
    debrief "^1.4.0"
    lemons "^1.4.0"

lemons@^1.4.0:
  version "1.6.0"
  resolved "https://registry.yarnpkg.com/lemons/-/lemons-1.6.0.tgz#49c187e08f9675a1ef3e0f077b4192805531d1bf"
  integrity sha512-nMnKQjqWp2G3odsHtwZD//WStAYnqCA6bM3JXLTLsQ1Mwkj2iLuaNQTJ6axt7wGqrZHMSt6tKDlHdjjJt9Cgxg==

typescript@^3.2.2:
  version "3.9.7"
  resolved "https://registry.yarnpkg.com/typescript/-/typescript-3.9.7.tgz#98d600a5ebdc38f40cb277522f12dc800e9e25fa"
  integrity sha512-BLbiRkiBzAwsjut4x/dsibSTB6yWpwT5qWmC2OfuCg3GgVQCSgMs4vEctYPhsaGtd0AeuuHMkjZ2h2WG8MSzRw==
